
Microsoft Visual Studio Solution File, Format Version 12.00
# Visual Studio 15
VisualStudioVersion = 15.0.26403.3
MinimumVisualStudioVersion = 10.0.40219.1
Project("{FAE04EC0-301F-11D3-BF4B-00C04F79EFBC}") = "R3MUS.Devpack.IntelMap", "R3MUS.Devpack.IntelMap\R3MUS.Devpack.IntelMap.csproj", "{DA14B5B1-14AC-494E-A097-8DDFE185DC0A}"
EndProject
Project("{FAE04EC0-301F-11D3-BF4B-00C04F79EFBC}") = "R3MUS.Devpack.SSO.IntelMap", "R3MUS.Devpack.SSO.IntelMap\R3MUS.Devpack.SSO.IntelMap.csproj", "{CCAC8C90-5A86-43F3-99B3-DEA7F8442100}"
EndProject
Project("{FAE04EC0-301F-11D3-BF4B-00C04F79EFBC}") = "R3MUS.Devpack.SSO.IntelMap.Models", "R3MUS.Devpack.SSO.IntelMap.Models\R3MUS.Devpack.SSO.IntelMap.Models.csproj", "{381091C7-6950-461B-B0F0-B21F0855A040}"
EndProject
Global
	GlobalSection(SolutionConfigurationPlatforms) = preSolution
		Debug|Any CPU = Debug|Any CPU
		Release|Any CPU = Release|Any CPU
	EndGlobalSection
	GlobalSection(ProjectConfigurationPlatforms) = postSolution
		{DA14B5B1-14AC-494E-A097-8DDFE185DC0A}.Debug|Any CPU.ActiveCfg = Debug|Any CPU
		{DA14B5B1-14AC-494E-A097-8DDFE185DC0A}.Debug|Any CPU.Build.0 = Debug|Any CPU
		{DA14B5B1-14AC-494E-A097-8DDFE185DC0A}.Release|Any CPU.ActiveCfg = Release|Any CPU
		{DA14B5B1-14AC-494E-A097-8DDFE185DC0A}.Release|Any CPU.Build.0 = Release|Any CPU
		{CCAC8C90-5A86-43F3-99B3-DEA7F8442100}.Debug|Any CPU.ActiveCfg = Debug|Any CPU
		{CCAC8C90-5A86-43F3-99B3-DEA7F8442100}.Debug|Any CPU.Build.0 = Debug|Any CPU
		{CCAC8C90-5A86-43F3-99B3-DEA7F8442100}.Release|Any CPU.ActiveCfg = Release|Any CPU
		{CCAC8C90-5A86-43F3-99B3-DEA7F8442100}.Release|Any CPU.Build.0 = Release|Any CPU
		{381091C7-6950-461B-B0F0-B21F0855A040}.Debug|Any CPU.ActiveCfg = Debug|Any CPU
		{381091C7-6950-461B-B0F0-B21F0855A040}.Debug|Any CPU.Build.0 = Debug|Any CPU
		{381091C7-6950-461B-B0F0-B21F0855A040}.Release|Any CPU.ActiveCfg = Release|Any CPU
		{381091C7-6950-461B-B0F0-B21F0855A040}.Release|Any CPU.Build.0 = Release|Any CPU
	EndGlobalSection
	GlobalSection(SolutionProperties) = preSolution
		HideSolutionNode = FALSE
	EndGlobalSection
EndGlobal
